
Microsoft Visual Studio Solution File, Format Version 12.00
# Visual Studio Version 16
VisualStudioVersion = 16.0.30413.136
MinimumVisualStudioVersion = 10.0.40219.1
Project("{FAE04EC0-301F-11D3-BF4B-00C04F79EFBC}") = "app", "app\app.csproj", "{DAB2164C-1278-4216-9C8A-F21AE3A259C3}"
EndProject
Global
	GlobalSection(SolutionConfigurationPlatforms) = preSolution
		Debug|Any CPU = Debug|Any CPU
		Release|Any CPU = Release|Any CPU
	EndGlobalSection
	GlobalSection(ProjectConfigurationPlatforms) = postSolution
		{DAB2164C-1278-4216-9C8A-F21AE3A259C3}.Debug|Any CPU.ActiveCfg = Debug|Any CPU
		{DAB2164C-1278-4216-9C8A-F21AE3A259C3}.Debug|Any CPU.Build.0 = Debug|Any CPU
		{DAB2164C-1278-4216-9C8A-F21AE3A259C3}.Release|Any CPU.ActiveCfg = Release|Any CPU
		{DAB2164C-1278-4216-9C8A-F21AE3A259C3}.Release|Any CPU.Build.0 = Release|Any CPU
	EndGlobalSection
	GlobalSection(SolutionProperties) = preSolution
		HideSolutionNode = FALSE
	EndGlobalSection
	GlobalSection(ExtensibilityGlobals) = postSolution
		SolutionGuid = {0B1A5162-5FAF-42B1-8F7E-2CC49FD15E5C}
	EndGlobalSection
EndGlobal
