
Microsoft Visual Studio Solution File, Format Version 12.00
# Visual Studio Version 16
VisualStudioVersion = 16.0.30413.136
MinimumVisualStudioVersion = 10.0.40219.1
Project("{FAE04EC0-301F-11D3-BF4B-00C04F79EFBC}") = "WindowsFormsApp3", "WindowsFormsApp3\WindowsFormsApp3.csproj", "{51405EF1-8B3E-46D9-843E-6DF940D39099}"
EndProject
Global
	GlobalSection(SolutionConfigurationPlatforms) = preSolution
		Debug|Any CPU = Debug|Any CPU
		Release|Any CPU = Release|Any CPU
	EndGlobalSection
	GlobalSection(ProjectConfigurationPlatforms) = postSolution
		{51405EF1-8B3E-46D9-843E-6DF940D39099}.Debug|Any CPU.ActiveCfg = Debug|Any CPU
		{51405EF1-8B3E-46D9-843E-6DF940D39099}.Debug|Any CPU.Build.0 = Debug|Any CPU
		{51405EF1-8B3E-46D9-843E-6DF940D39099}.Release|Any CPU.ActiveCfg = Release|Any CPU
		{51405EF1-8B3E-46D9-843E-6DF940D39099}.Release|Any CPU.Build.0 = Release|Any CPU
	EndGlobalSection
	GlobalSection(SolutionProperties) = preSolution
		HideSolutionNode = FALSE
	EndGlobalSection
	GlobalSection(ExtensibilityGlobals) = postSolution
		SolutionGuid = {DA02632F-BCF6-4B05-A3B2-C8981C6198F6}
	EndGlobalSection
EndGlobal
